# THIS IS AN AUTOGENERATED FILE. DO NOT EDIT THIS FILE DIRECTLY.
# yarn lockfile v1


"@figma/plugin-typings@^1.19.2":
  version "1.19.2"
  resolved "https://registry.yarnpkg.com/@figma/plugin-typings/-/plugin-typings-1.19.2.tgz#afdcc62bae1779aff7198c1edd3497d992bfab48"
  integrity sha512-FjZpc2dA4kRsnmgABcniXyRosQFS6uOqi/WhTyuc/Fm08lV5eE1aP0OwkTNCJY3DA5qXkYGBrjzyXS+OwRI3aw==

typescript@^4.2.3:
  version "4.2.3"
  resolved "https://registry.yarnpkg.com/typescript/-/typescript-4.2.3.tgz#39062d8019912d43726298f09493d598048c1ce3"
  integrity sha512-qOcYwxaByStAWrBf4x0fibwZvMRG+r4cQoTjbPtUlrWjBHbmCAww1i448U0GJ+3cNNEtebDteo/cHOR3xJ4wEw==
